// !$*UTF8*$!
{
	archiveVersion = 1;
	classes = {
	};
	objectVersion = 46;
	objects = {

/* Begin PBXBuildFile section */
		A1DD06771EDE785A00F50412 /* AppDelegate.swift in Sources */ = {isa = PBXBuildFile; fileRef = A1DD06761EDE785A00F50412 /* AppDelegate.swift */; };
		A1DD06791EDE785A00F50412 /* ViewController.swift in Sources */ = {isa = PBXBuildFile; fileRef = A1DD06781EDE785A00F50412 /* ViewController.swift */; };
		A1DD067C1EDE785A00F50412 /* Main.storyboard in Resources */ = {isa = PBXBuildFile; fileRef = A1DD067A1EDE785A00F50412 /* Main.storyboard */; };
		A1DD067E1EDE785A00F50412 /* Assets.xcassets in Resources */ = {isa = PBXBuildFile; fileRef = A1DD067D1EDE785A00F50412 /* Assets.xcassets */; };
		A1DD06811EDE785A00F50412 /* LaunchScreen.storyboard in Resources */ = {isa = PBXBuildFile; fileRef = A1DD067F1EDE785A00F50412 /* LaunchScreen.storyboard */; };
		A1DD068C1EDE785A00F50412 /* ForMarketTests.swift in Sources */ = {isa = PBXBuildFile; fileRef = A1DD068B1EDE785A00F50412 /* ForMarketTests.swift */; };
		A1DD06971EDE785A00F50412 /* ForMarketUITests.swift in Sources */ = {isa = PBXBuildFile; fileRef = A1DD06961EDE785A00F50412 /* ForMarketUITests.swift */; };
/* End PBXBuildFile section */

/* Begin PBXContainerItemProxy section */
		A1DD06881EDE785A00F50412 /* PBXContainerItemProxy */ = {
			isa = PBXContainerItemProxy;
			containerPortal = A1DD066B1EDE785A00F50412 /* Project object */;
			proxyType = 1;
			remoteGlobalIDString = A1DD06721EDE785A00F50412;
			remoteInfo = ForMarket;
		};
		A1DD06931EDE785A00F50412 /* PBXContainerItemProxy */ = {
			isa = PBXContainerItemProxy;
			containerPortal = A1DD066B1EDE785A00F50412 /* Project object */;
			proxyType = 1;
			remoteGlobalIDString = A1DD06721EDE785A00F50412;
			remoteInfo = ForMarket;
		};
/* End PBXContainerItemProxy section */

/* Begin PBXFileReference section */
		A1DD06731EDE785A00F50412 /* ForMarket.app */ = {isa = PBXFileReference; explicitFileType = wrapper.application; includeInIndex = 0; path = ForMarket.app; sourceTree = BUILT_PRODUCTS_DIR; };
		A1DD06761EDE785A00F50412 /* AppDelegate.swift */ = {isa = PBXFileReference; lastKnownFileType = sourcecode.swift; path = AppDelegate.swift; sourceTree = "<group>"; };
		A1DD06781EDE785A00F50412 /* ViewController.swift */ = {isa = PBXFileReference; lastKnownFileType = sourcecode.swift; path = ViewController.swift; sourceTree = "<group>"; };
		A1DD067B1EDE785A00F50412 /* Base */ = {isa = PBXFileReference; lastKnownFileType = file.storyboard; name = Base; path = Base.lproj/Main.storyboard; sourceTree = "<group>"; };
		A1DD067D1EDE785A00F50412 /* Assets.xcassets */ = {isa = PBXFileReference; lastKnownFileType = folder.assetcatalog; path = Assets.xcassets; sourceTree = "<group>"; };
		A1DD06801EDE785A00F50412 /* Base */ = {isa = PBXFileReference; lastKnownFileType = file.storyboard; name = Base; path = Base.lproj/LaunchScreen.storyboard; sourceTree = "<group>"; };
		A1DD06821EDE785A00F50412 /* Info.plist */ = {isa = PBXFileReference; lastKnownFileType = text.plist.xml; path = Info.plist; sourceTree = "<group>"; };
		A1DD06871EDE785A00F50412 /* ForMarketTests.xctest */ = {isa = PBXFileReference; explicitFileType = wrapper.cfbundle; includeInIndex = 0; path = ForMarketTests.xctest; sourceTree = BUILT_PRODUCTS_DIR; };
		A1DD068B1EDE785A00F50412 /* ForMarketTests.swift */ = {isa = PBXFileReference; lastKnownFileType = sourcecode.swift; path = ForMarketTests.swift; sourceTree = "<group>"; };
		A1DD068D1EDE785A00F50412 /* Info.plist */ = {isa = PBXFileReference; lastKnownFileType = text.plist.xml; path = Info.plist; sourceTree = "<group>"; };
		A1DD06921EDE785A00F50412 /* ForMarketUITests.xctest */ = {isa = PBXFileReference; explicitFileType = wrapper.cfbundle; includeInIndex = 0; path = ForMarketUITests.xctest; sourceTree = BUILT_PRODUCTS_DIR; };
		A1DD06961EDE785A00F50412 /* ForMarketUITests.swift */ = {isa = PBXFileReference; lastKnownFileType = sourcecode.swift; path = ForMarketUITests.swift; sourceTree = "<group>"; };
		A1DD06981EDE785A00F50412 /* Info.plist */ = {isa = PBXFileReference; lastKnownFileType = text.plist.xml; path = Info.plist; sourceTree = "<group>"; };
/* End PBXFileReference section */

/* Begin PBXFrameworksBuildPhase section */
		A1DD06701EDE785A00F50412 /* Frameworks */ = {
			isa = PBXFrameworksBuildPhase;
			buildActionMask = 2147483647;
			files = (
			);
			runOnlyForDeploymentPostprocessing = 0;
		};
		A1DD06841EDE785A00F50412 /* Frameworks */ = {
			isa = PBXFrameworksBuildPhase;
			buildActionMask = 2147483647;
			files = (
			);
			runOnlyForDeploymentPostprocessing = 0;
		};
		A1DD068F1EDE785A00F50412 /* Frameworks */ = {
			isa = PBXFrameworksBuildPhase;
			buildActionMask = 2147483647;
			files = (
			);
			runOnlyForDeploymentPostprocessing = 0;
		};
/* End PBXFrameworksBuildPhase section */

/* Begin PBXGroup section */
		A1DD066A1EDE785A00F50412 = {
			isa = PBXGroup;
			children = (
				A1DD06751EDE785A00F50412 /* ForMarket */,
				A1DD068A1EDE785A00F50412 /* ForMarketTests */,
				A1DD06951EDE785A00F50412 /* ForMarketUITests */,
				A1DD06741EDE785A00F50412 /* Products */,
			);
			sourceTree = "<group>";
		};
		A1DD06741EDE785A00F50412 /* Products */ = {
			isa = PBXGroup;
			children = (
				A1DD06731EDE785A00F50412 /* ForMarket.app */,
				A1DD06871EDE785A00F50412 /* ForMarketTests.xctest */,
				A1DD06921EDE785A00F50412 /* ForMarketUITests.xctest */,
			);
			name = Products;
			sourceTree = "<group>";
		};
		A1DD06751EDE785A00F50412 /* ForMarket */ = {
			isa = PBXGroup;
			children = (
				A1DD06761EDE785A00F50412 /* AppDelegate.swift */,
				A1DD06781EDE785A00F50412 /* ViewController.swift */,
				A1DD067A1EDE785A00F50412 /* Main.storyboard */,
				A1DD067D1EDE785A00F50412 /* Assets.xcassets */,
				A1DD067F1EDE785A00F50412 /* LaunchScreen.storyboard */,
				A1DD06821EDE785A00F50412 /* Info.plist */,
			);
			path = ForMarket;
			sourceTree = "<group>";
		};
		A1DD068A1EDE785A00F50412 /* ForMarketTests */ = {
			isa = PBXGroup;
			children = (
				A1DD068B1EDE785A00F50412 /* ForMarketTests.swift */,
				A1DD068D1EDE785A00F50412 /* Info.plist */,
			);
			path = ForMarketTests;
			sourceTree = "<group>";
		};
		A1DD06951EDE785A00F50412 /* ForMarketUITests */ = {
			isa = PBXGroup;
			children = (
				A1DD06961EDE785A00F50412 /* ForMarketUITests.swift */,
				A1DD06981EDE785A00F50412 /* Info.plist */,
			);
			path = ForMarketUITests;
			sourceTree = "<group>";
		};
/* End PBXGroup section */

/* Begin PBXNativeTarget section */
		A1DD06721EDE785A00F50412 /* ForMarket */ = {
			isa = PBXNativeTarget;
			buildConfigurationList = A1DD069B1EDE785A00F50412 /* Build configuration list for PBXNativeTarget "ForMarket" */;
			buildPhases = (
				A1DD066F1EDE785A00F50412 /* Sources */,
				A1DD06701EDE785A00F50412 /* Frameworks */,
				A1DD06711EDE785A00F50412 /* Resources */,
			);
			buildRules = (
			);
			dependencies = (
			);
			name = ForMarket;
			productName = ForMarket;
			productReference = A1DD06731EDE785A00F50412 /* ForMarket.app */;
			productType = "com.apple.product-type.application";
		};
		A1DD06861EDE785A00F50412 /* ForMarketTests */ = {
			isa = PBXNativeTarget;
			buildConfigurationList = A1DD069E1EDE785A00F50412 /* Build configuration list for PBXNativeTarget "ForMarketTests" */;
			buildPhases = (
				A1DD06831EDE785A00F50412 /* Sources */,
				A1DD06841EDE785A00F50412 /* Frameworks */,
				A1DD06851EDE785A00F50412 /* Resources */,
			);
			buildRules = (
			);
			dependencies = (
				A1DD06891EDE785A00F50412 /* PBXTargetDependency */,
			);
			name = ForMarketTests;
			productName = ForMarketTests;
			productReference = A1DD06871EDE785A00F50412 /* ForMarketTests.xctest */;
			productType = "com.apple.product-type.bundle.unit-test";
		};
		A1DD06911EDE785A00F50412 /* ForMarketUITests */ = {
			isa = PBXNativeTarget;
			buildConfigurationList = A1DD06A11EDE785A00F50412 /* Build configuration list for PBXNativeTarget "ForMarketUITests" */;
			buildPhases = (
				A1DD068E1EDE785A00F50412 /* Sources */,
				A1DD068F1EDE785A00F50412 /* Frameworks */,
				A1DD06901EDE785A00F50412 /* Resources */,
			);
			buildRules = (
			);
			dependencies = (
				A1DD06941EDE785A00F50412 /* PBXTargetDependency */,
			);
			name = ForMarketUITests;
			productName = ForMarketUITests;
			productReference = A1DD06921EDE785A00F50412 /* ForMarketUITests.xctest */;
			productType = "com.apple.product-type.bundle.ui-testing";
		};
/* End PBXNativeTarget section */

/* Begin PBXProject section */
		A1DD066B1EDE785A00F50412 /* Project object */ = {
			isa = PBXProject;
			attributes = {
				LastSwiftUpdateCheck = 0830;
				LastUpgradeCheck = 0830;
				ORGANIZATIONNAME = "Oh Soyeon";
				TargetAttributes = {
					A1DD06721EDE785A00F50412 = {
						CreatedOnToolsVersion = 8.3.2;
						DevelopmentTeam = Y6B4R353CS;
						ProvisioningStyle = Automatic;
					};
					A1DD06861EDE785A00F50412 = {
						CreatedOnToolsVersion = 8.3.2;
						ProvisioningStyle = Automatic;
						TestTargetID = A1DD06721EDE785A00F50412;
					};
					A1DD06911EDE785A00F50412 = {
						CreatedOnToolsVersion = 8.3.2;
						ProvisioningStyle = Automatic;
						TestTargetID = A1DD06721EDE785A00F50412;
					};
				};
			};
			buildConfigurationList = A1DD066E1EDE785A00F50412 /* Build configuration list for PBXProject "ForMarket" */;
			compatibilityVersion = "Xcode 3.2";
			developmentRegion = English;
			hasScannedForEncodings = 0;
			knownRegions = (
				en,
				Base,
			);
			mainGroup = A1DD066A1EDE785A00F50412;
			productRefGroup = A1DD06741EDE785A00F50412 /* Products */;
			projectDirPath = "";
			projectRoot = "";
			targets = (
				A1DD06721EDE785A00F50412 /* ForMarket */,
				A1DD06861EDE785A00F50412 /* ForMarketTests */,
				A1DD06911EDE785A00F50412 /* ForMarketUITests */,
			);
		};
/* End PBXProject section */

/* Begin PBXResourcesBuildPhase section */
		A1DD06711EDE785A00F50412 /* Resources */ = {
			isa = PBXResourcesBuildPhase;
			buildActionMask = 2147483647;
			files = (
				A1DD06811EDE785A00F50412 /* LaunchScreen.storyboard in Resources */,
				A1DD067E1EDE785A00F50412 /* Assets.xcassets in Resources */,
				A1DD067C1EDE785A00F50412 /* Main.storyboard in Resources */,
			);
			runOnlyForDeploymentPostprocessing = 0;
		};
		A1DD06851EDE785A00F50412 /* Resources */ = {
			isa = PBXResourcesBuildPhase;
			buildActionMask = 2147483647;
			files = (
			);
			runOnlyForDeploymentPostprocessing = 0;
		};
		A1DD06901EDE785A00F50412 /* Resources */ = {
			isa = PBXResourcesBuildPhase;
			buildActionMask = 2147483647;
			files = (
			);
			runOnlyForDeploymentPostprocessing = 0;
		};
/* End PBXResourcesBuildPhase section */

/* Begin PBXSourcesBuildPhase section */
		A1DD066F1EDE785A00F50412 /* Sources */ = {
			isa = PBXSourcesBuildPhase;
			buildActionMask = 2147483647;
			files = (
				A1DD06791EDE785A00F50412 /* ViewController.swift in Sources */,
				A1DD06771EDE785A00F50412 /* AppDelegate.swift in Sources */,
			);
			runOnlyForDeploymentPostprocessing = 0;
		};
		A1DD06831EDE785A00F50412 /* Sources */ = {
			isa = PBXSourcesBuildPhase;
			buildActionMask = 2147483647;
			files = (
				A1DD068C1EDE785A00F50412 /* ForMarketTests.swift in Sources */,
			);
			runOnlyForDeploymentPostprocessing = 0;
		};
		A1DD068E1EDE785A00F50412 /* Sources */ = {
			isa = PBXSourcesBuildPhase;
			buildActionMask = 2147483647;
			files = (
				A1DD06971EDE785A00F50412 /* ForMarketUITests.swift in Sources */,
			);
			runOnlyForDeploymentPostprocessing = 0;
		};
/* End PBXSourcesBuildPhase section */

/* Begin PBXTargetDependency section */
		A1DD06891EDE785A00F50412 /* PBXTargetDependency */ = {
			isa = PBXTargetDependency;
			target = A1DD06721EDE785A00F50412 /* ForMarket */;
			targetProxy = A1DD06881EDE785A00F50412 /* PBXContainerItemProxy */;
		};
		A1DD06941EDE785A00F50412 /* PBXTargetDependency */ = {
			isa = PBXTargetDependency;
			target = A1DD06721EDE785A00F50412 /* ForMarket */;
			targetProxy = A1DD06931EDE785A00F50412 /* PBXContainerItemProxy */;
		};
/* End PBXTargetDependency section */

/* Begin PBXVariantGroup section */
		A1DD067A1EDE785A00F50412 /* Main.storyboard */ = {
			isa = PBXVariantGroup;
			children = (
				A1DD067B1EDE785A00F50412 /* Base */,
			);
			name = Main.storyboard;
			sourceTree = "<group>";
		};
		A1DD067F1EDE785A00F50412 /* LaunchScreen.storyboard */ = {
			isa = PBXVariantGroup;
			children = (
				A1DD06801EDE785A00F50412 /* Base */,
			);
			name = LaunchScreen.storyboard;
			sourceTree = "<group>";
		};
/* End PBXVariantGroup section */

/* Begin XCBuildConfiguration section */
		A1DD06991EDE785A00F50412 /* Debug */ = {
			isa = XCBuildConfiguration;
			buildSettings = {
				ALWAYS_SEARCH_USER_PATHS = NO;
				CLANG_ANALYZER_NONNULL = YES;
				CLANG_ANALYZER_NUMBER_OBJECT_CONVERSION = YES_AGGRESSIVE;
				CLANG_CXX_LANGUAGE_STANDARD = "gnu++0x";
				CLANG_CXX_LIBRARY = "libc++";
				CLANG_ENABLE_MODULES = YES;
				CLANG_ENABLE_OBJC_ARC = YES;
				CLANG_WARN_BOOL_CONVERSION = YES;
				CLANG_WARN_CONSTANT_CONVERSION = YES;
				CLANG_WARN_DIRECT_OBJC_ISA_USAGE = YES_ERROR;
				CLANG_WARN_DOCUMENTATION_COMMENTS = YES;
				CLANG_WARN_EMPTY_BODY = YES;
				CLANG_WARN_ENUM_CONVERSION = YES;
				CLANG_WARN_INFINITE_RECURSION = YES;
				CLANG_WARN_INT_CONVERSION = YES;
				CLANG_WARN_OBJC_ROOT_CLASS = YES_ERROR;
				CLANG_WARN_SUSPICIOUS_MOVE = YES;
				CLANG_WARN_UNREACHABLE_CODE = YES;
				CLANG_WARN__DUPLICATE_METHOD_MATCH = YES;
				"CODE_SIGN_IDENTITY[sdk=iphoneos*]" = "iPhone Developer";
				COPY_PHASE_STRIP = NO;
				DEBUG_INFORMATION_FORMAT = dwarf;
				ENABLE_STRICT_OBJC_MSGSEND = YES;
				ENABLE_TESTABILITY = YES;
				GCC_C_LANGUAGE_STANDARD = gnu99;
				GCC_DYNAMIC_NO_PIC = NO;
				GCC_NO_COMMON_BLOCKS = YES;
				GCC_OPTIMIZATION_LEVEL = 0;
				GCC_PREPROCESSOR_DEFINITIONS = (
					"DEBUG=1",
					"$(inherited)",
				);
				GCC_WARN_64_TO_32_BIT_CONVERSION = YES;
				GCC_WARN_ABOUT_RETURN_TYPE = YES_ERROR;
				GCC_WARN_UNDECLARED_SELECTOR = YES;
				GCC_WARN_UNINITIALIZED_AUTOS = YES_AGGRESSIVE;
				GCC_WARN_UNUSED_FUNCTION = YES;
				GCC_WARN_UNUSED_VARIABLE = YES;
				IPHONEOS_DEPLOYMENT_TARGET = 10.3;
				MTL_ENABLE_DEBUG_INFO = YES;
				ONLY_ACTIVE_ARCH = YES;
				SDKROOT = iphoneos;
				SWIFT_ACTIVE_COMPILATION_CONDITIONS = DEBUG;
				SWIFT_OPTIMIZATION_LEVEL = "-Onone";
				TARGETED_DEVICE_FAMILY = "1,2";
			};
			name = Debug;
		};
		A1DD069A1EDE785A00F50412 /* Release */ = {
			isa = XCBuildConfiguration;
			buildSettings = {
				ALWAYS_SEARCH_USER_PATHS = NO;
				CLANG_ANALYZER_NONNULL = YES;
				CLANG_ANALYZER_NUMBER_OBJECT_CONVERSION = YES_AGGRESSIVE;
				CLANG_CXX_LANGUAGE_STANDARD = "gnu++0x";
				CLANG_CXX_LIBRARY = "libc++";
				CLANG_ENABLE_MODULES = YES;
				CLANG_ENABLE_OBJC_ARC = YES;
				CLANG_WARN_BOOL_CONVERSION = YES;
				CLANG_WARN_CONSTANT_CONVERSION = YES;
				CLANG_WARN_DIRECT_OBJC_ISA_USAGE = YES_ERROR;
				CLANG_WARN_DOCUMENTATION_COMMENTS = YES;
				CLANG_WARN_EMPTY_BODY = YES;
				CLANG_WARN_ENUM_CONVERSION = YES;
				CLANG_WARN_INFINITE_RECURSION = YES;
				CLANG_WARN_INT_CONVERSION = YES;
				CLANG_WARN_OBJC_ROOT_CLASS = YES_ERROR;
				CLANG_WARN_SUSPICIOUS_MOVE = YES;
				CLANG_WARN_UNREACHABLE_CODE = YES;
				CLANG_WARN__DUPLICATE_METHOD_MATCH = YES;
				"CODE_SIGN_IDENTITY[sdk=iphoneos*]" = "iPhone Developer";
				COPY_PHASE_STRIP = NO;
				DEBUG_INFORMATION_FORMAT = "dwarf-with-dsym";
				ENABLE_NS_ASSERTIONS = NO;
				ENABLE_STRICT_OBJC_MSGSEND = YES;
				GCC_C_LANGUAGE_STANDARD = gnu99;
				GCC_NO_COMMON_BLOCKS = YES;
				GCC_WARN_64_TO_32_BIT_CONVERSION = YES;
				GCC_WARN_ABOUT_RETURN_TYPE = YES_ERROR;
				GCC_WARN_UNDECLARED_SELECTOR = YES;
				GCC_WARN_UNINITIALIZED_AUTOS = YES_AGGRESSIVE;
				GCC_WARN_UNUSED_FUNCTION = YES;
				GCC_WARN_UNUSED_VARIABLE = YES;
				IPHONEOS_DEPLOYMENT_TARGET = 10.3;
				MTL_ENABLE_DEBUG_INFO = NO;
				SDKROOT = iphoneos;
				SWIFT_OPTIMIZATION_LEVEL = "-Owholemodule";
				TARGETED_DEVICE_FAMILY = "1,2";
				VALIDATE_PRODUCT = YES;
			};
			name = Release;
		};
		A1DD069C1EDE785A00F50412 /* Debug */ = {
			isa = XCBuildConfiguration;
			buildSettings = {
				ASSETCATALOG_COMPILER_APPICON_NAME = AppIcon;
				DEVELOPMENT_TEAM = Y6B4R353CS;
				INFOPLIST_FILE = ForMarket/Info.plist;
				LD_RUNPATH_SEARCH_PATHS = "$(inherited) @executable_path/Frameworks";
				PRODUCT_BUNDLE_IDENTIFIER = "Oh-Soyeon.ForMarket";
				PRODUCT_NAME = "$(TARGET_NAME)";
				SWIFT_VERSION = 3.0;
			};
			name = Debug;
		};
		A1DD069D1EDE785A00F50412 /* Release */ = {
			isa = XCBuildConfiguration;
			buildSettings = {
				ASSETCATALOG_COMPILER_APPICON_NAME = AppIcon;
				DEVELOPMENT_TEAM = Y6B4R353CS;
				INFOPLIST_FILE = ForMarket/Info.plist;
				LD_RUNPATH_SEARCH_PATHS = "$(inherited) @executable_path/Frameworks";
				PRODUCT_BUNDLE_IDENTIFIER = "Oh-Soyeon.ForMarket";
				PRODUCT_NAME = "$(TARGET_NAME)";
				SWIFT_VERSION = 3.0;
			};
			name = Release;
		};
		A1DD069F1EDE785A00F50412 /* Debug */ = {
			isa = XCBuildConfiguration;
			buildSettings = {
				ALWAYS_EMBED_SWIFT_STANDARD_LIBRARIES = YES;
				BUNDLE_LOADER = "$(TEST_HOST)";
				INFOPLIST_FILE = ForMarketTests/Info.plist;
				LD_RUNPATH_SEARCH_PATHS = "$(inherited) @executable_path/Frameworks @loader_path/Frameworks";
				PRODUCT_BUNDLE_IDENTIFIER = "Oh-Soyeon.ForMarketTests";
				PRODUCT_NAME = "$(TARGET_NAME)";
				SWIFT_VERSION = 3.0;
				TEST_HOST = "$(BUILT_PRODUCTS_DIR)/ForMarket.app/ForMarket";
			};
			name = Debug;
		};
		A1DD06A01EDE785A00F50412 /* Release */ = {
			isa = XCBuildConfiguration;
			buildSettings = {
				ALWAYS_EMBED_SWIFT_STANDARD_LIBRARIES = YES;
				BUNDLE_LOADER = "$(TEST_HOST)";
				INFOPLIST_FILE = ForMarketTests/Info.plist;
				LD_RUNPATH_SEARCH_PATHS = "$(inherited) @executable_path/Frameworks @loader_path/Frameworks";
				PRODUCT_BUNDLE_IDENTIFIER = "Oh-Soyeon.ForMarketTests";
				PRODUCT_NAME = "$(TARGET_NAME)";
				SWIFT_VERSION = 3.0;
				TEST_HOST = "$(BUILT_PRODUCTS_DIR)/ForMarket.app/ForMarket";
			};
			name = Release;
		};
		A1DD06A21EDE785A00F50412 /* Debug */ = {
			isa = XCBuildConfiguration;
			buildSettings = {
				ALWAYS_EMBED_SWIFT_STANDARD_LIBRARIES = YES;
				INFOPLIST_FILE = ForMarketUITests/Info.plist;
				LD_RUNPATH_SEARCH_PATHS = "$(inherited) @executable_path/Frameworks @loader_path/Frameworks";
				PRODUCT_BUNDLE_IDENTIFIER = "Oh-Soyeon.ForMarketUITests";
				PRODUCT_NAME = "$(TARGET_NAME)";
				SWIFT_VERSION = 3.0;
				TEST_TARGET_NAME = ForMarket;
			};
			name = Debug;
		};
		A1DD06A31EDE785A00F50412 /* Release */ = {
			isa = XCBuildConfiguration;
			buildSettings = {
				ALWAYS_EMBED_SWIFT_STANDARD_LIBRARIES = YES;
				INFOPLIST_FILE = ForMarketUITests/Info.plist;
				LD_RUNPATH_SEARCH_PATHS = "$(inherited) @executable_path/Frameworks @loader_path/Frameworks";
				PRODUCT_BUNDLE_IDENTIFIER = "Oh-Soyeon.ForMarketUITests";
				PRODUCT_NAME = "$(TARGET_NAME)";
				SWIFT_VERSION = 3.0;
				TEST_TARGET_NAME = ForMarket;
			};
			name = Release;
		};
/* End XCBuildConfiguration section */

/* Begin XCConfigurationList section */
		A1DD066E1EDE785A00F50412 /* Build configuration list for PBXProject "ForMarket" */ = {
			isa = XCConfigurationList;
			buildConfigurations = (
				A1DD06991EDE785A00F50412 /* Debug */,
				A1DD069A1EDE785A00F50412 /* Release */,
			);
			defaultConfigurationIsVisible = 0;
			defaultConfigurationName = Release;
		};
		A1DD069B1EDE785A00F50412 /* Build configuration list for PBXNativeTarget "ForMarket" */ = {
			isa = XCConfigurationList;
			buildConfigurations = (
				A1DD069C1EDE785A00F50412 /* Debug */,
				A1DD069D1EDE785A00F50412 /* Release */,
			);
			defaultConfigurationIsVisible = 0;
		};
		A1DD069E1EDE785A00F50412 /* Build configuration list for PBXNativeTarget "ForMarketTests" */ = {
			isa = XCConfigurationList;
			buildConfigurations = (
				A1DD069F1EDE785A00F50412 /* Debug */,
				A1DD06A01EDE785A00F50412 /* Release */,
			);
			defaultConfigurationIsVisible = 0;
		};
		A1DD06A11EDE785A00F50412 /* Build configuration list for PBXNativeTarget "ForMarketUITests" */ = {
			isa = XCConfigurationList;
			buildConfigurations = (
				A1DD06A21EDE785A00F50412 /* Debug */,
				A1DD06A31EDE785A00F50412 /* Release */,
			);
			defaultConfigurationIsVisible = 0;
		};
/* End XCConfigurationList section */
	};
	rootObject = A1DD066B1EDE785A00F50412 /* Project object */;
}
